{
  "nodes": {
    "nixpkgs": {
      "locked": {
        "lastModified": 1640531271,
        "narHash": "sha256-WsUVTlPu1k3rXg3dyA0KMNvM9rnCEU0Fx4W0QI4rsXE=",
        "owner": "NixOs",
        "repo": "nixpkgs",
        "rev": "04bd2d1a4700907997be007a2a8f39edd59dac24",
        "type": "github"
      },
      "original": {
        "owner": "NixOs",
        "ref": "nixos-21.11",
        "repo": "nixpkgs",
        "type": "github"
      }
    },
    "root": {
      "inputs": {
        "nixpkgs": "nixpkgs"
      }
    }
  },
  "root": "root",
  "version": 7
}
